
Microsoft Visual Studio Solution File, Format Version 12.00
# Visual Studio 15
VisualStudioVersion = 15.0.28307.757
MinimumVisualStudioVersion = 10.0.40219.1
Project("{8BC9CEB8-8B4A-11D0-8D11-00A0C91BC942}") = "DataContainers", "DataContainers\DataContainers.vcxproj", "{E467DC41-3BD5-4F42-B789-5C0B5BB03C2A}"
EndProject
Project("{8BC9CEB8-8B4A-11D0-8D11-00A0C91BC942}") = "ForwardList", "ForwardList\ForwardList.vcxproj", "{0C2CF77A-3EEA-4752-9D14-9E2DB8F20F4F}"
EndProject
Global
	GlobalSection(SolutionConfigurationPlatforms) = preSolution
		Debug|x64 = Debug|x64
		Debug|x86 = Debug|x86
		Release|x64 = Release|x64
		Release|x86 = Release|x86
	EndGlobalSection
	GlobalSection(ProjectConfigurationPlatforms) = postSolution
		{E467DC41-3BD5-4F42-B789-5C0B5BB03C2A}.Debug|x64.ActiveCfg = Debug|x64
		{E467DC41-3BD5-4F42-B789-5C0B5BB03C2A}.Debug|x64.Build.0 = Debug|x64
		{E467DC41-3BD5-4F42-B789-5C0B5BB03C2A}.Debug|x86.ActiveCfg = Debug|Win32
		{E467DC41-3BD5-4F42-B789-5C0B5BB03C2A}.Debug|x86.Build.0 = Debug|Win32
		{E467DC41-3BD5-4F42-B789-5C0B5BB03C2A}.Release|x64.ActiveCfg = Release|x64
		{E467DC41-3BD5-4F42-B789-5C0B5BB03C2A}.Release|x64.Build.0 = Release|x64
		{E467DC41-3BD5-4F42-B789-5C0B5BB03C2A}.Release|x86.ActiveCfg = Release|Win32
		{E467DC41-3BD5-4F42-B789-5C0B5BB03C2A}.Release|x86.Build.0 = Release|Win32
		{0C2CF77A-3EEA-4752-9D14-9E2DB8F20F4F}.Debug|x64.ActiveCfg = Debug|x64
		{0C2CF77A-3EEA-4752-9D14-9E2DB8F20F4F}.Debug|x64.Build.0 = Debug|x64
		{0C2CF77A-3EEA-4752-9D14-9E2DB8F20F4F}.Debug|x86.ActiveCfg = Debug|Win32
		{0C2CF77A-3EEA-4752-9D14-9E2DB8F20F4F}.Debug|x86.Build.0 = Debug|Win32
		{0C2CF77A-3EEA-4752-9D14-9E2DB8F20F4F}.Release|x64.ActiveCfg = Release|x64
		{0C2CF77A-3EEA-4752-9D14-9E2DB8F20F4F}.Release|x64.Build.0 = Release|x64
		{0C2CF77A-3EEA-4752-9D14-9E2DB8F20F4F}.Release|x86.ActiveCfg = Release|Win32
		{0C2CF77A-3EEA-4752-9D14-9E2DB8F20F4F}.Release|x86.Build.0 = Release|Win32
	EndGlobalSection
	GlobalSection(SolutionProperties) = preSolution
		HideSolutionNode = FALSE
	EndGlobalSection
	GlobalSection(ExtensibilityGlobals) = postSolution
		SolutionGuid = {B8BEAFDA-3B36-4489-B849-055D6EC65320}
	EndGlobalSection
EndGlobal
