
Microsoft Visual Studio Solution File, Format Version 12.00
# Visual Studio 15
VisualStudioVersion = 15.0.28307.271
MinimumVisualStudioVersion = 10.0.40219.1
Project("{8BC9CEB8-8B4A-11D0-8D11-00A0C91BC942}") = "Inheritance", "Inheritance\Inheritance.vcxproj", "{2A21B3DF-5F9E-45DC-A04B-B3604470AB9F}"
EndProject
Project("{8BC9CEB8-8B4A-11D0-8D11-00A0C91BC942}") = "Abstract", "Abstract\Abstract.vcxproj", "{2B336FAB-C202-437C-800D-1EF84E00C4CA}"
EndProject
Global
	GlobalSection(SolutionConfigurationPlatforms) = preSolution
		Debug|x64 = Debug|x64
		Debug|x86 = Debug|x86
		Release|x64 = Release|x64
		Release|x86 = Release|x86
	EndGlobalSection
	GlobalSection(ProjectConfigurationPlatforms) = postSolution
		{2A21B3DF-5F9E-45DC-A04B-B3604470AB9F}.Debug|x64.ActiveCfg = Debug|x64
		{2A21B3DF-5F9E-45DC-A04B-B3604470AB9F}.Debug|x64.Build.0 = Debug|x64
		{2A21B3DF-5F9E-45DC-A04B-B3604470AB9F}.Debug|x86.ActiveCfg = Debug|Win32
		{2A21B3DF-5F9E-45DC-A04B-B3604470AB9F}.Debug|x86.Build.0 = Debug|Win32
		{2A21B3DF-5F9E-45DC-A04B-B3604470AB9F}.Release|x64.ActiveCfg = Release|x64
		{2A21B3DF-5F9E-45DC-A04B-B3604470AB9F}.Release|x64.Build.0 = Release|x64
		{2A21B3DF-5F9E-45DC-A04B-B3604470AB9F}.Release|x86.ActiveCfg = Release|Win32
		{2A21B3DF-5F9E-45DC-A04B-B3604470AB9F}.Release|x86.Build.0 = Release|Win32
		{2B336FAB-C202-437C-800D-1EF84E00C4CA}.Debug|x64.ActiveCfg = Debug|x64
		{2B336FAB-C202-437C-800D-1EF84E00C4CA}.Debug|x64.Build.0 = Debug|x64
		{2B336FAB-C202-437C-800D-1EF84E00C4CA}.Debug|x86.ActiveCfg = Debug|Win32
		{2B336FAB-C202-437C-800D-1EF84E00C4CA}.Debug|x86.Build.0 = Debug|Win32
		{2B336FAB-C202-437C-800D-1EF84E00C4CA}.Release|x64.ActiveCfg = Release|x64
		{2B336FAB-C202-437C-800D-1EF84E00C4CA}.Release|x64.Build.0 = Release|x64
		{2B336FAB-C202-437C-800D-1EF84E00C4CA}.Release|x86.ActiveCfg = Release|Win32
		{2B336FAB-C202-437C-800D-1EF84E00C4CA}.Release|x86.Build.0 = Release|Win32
	EndGlobalSection
	GlobalSection(SolutionProperties) = preSolution
		HideSolutionNode = FALSE
	EndGlobalSection
	GlobalSection(ExtensibilityGlobals) = postSolution
		SolutionGuid = {D62F9072-6468-44A5-9831-DA24ED6E5167}
	EndGlobalSection
EndGlobal
